
Microsoft Visual Studio Solution File, Format Version 12.00
# Visual Studio Version 17
VisualStudioVersion = 17.14.36401.2 d17.14
MinimumVisualStudioVersion = 10.0.40219.1
Project("{FAE04EC0-301F-11D3-BF4B-00C04F79EFBC}") = "Task Management API", "Task Management API\Task Management API.csproj", "{CF64EC6D-71B5-4ED9-9CB7-AFE4E8855557}"
EndProject
Global
	GlobalSection(SolutionConfigurationPlatforms) = preSolution
		Debug|Any CPU = Debug|Any CPU
		Release|Any CPU = Release|Any CPU
	EndGlobalSection
	GlobalSection(ProjectConfigurationPlatforms) = postSolution
		{CF64EC6D-71B5-4ED9-9CB7-AFE4E8855557}.Debug|Any CPU.ActiveCfg = Debug|Any CPU
		{CF64EC6D-71B5-4ED9-9CB7-AFE4E8855557}.Debug|Any CPU.Build.0 = Debug|Any CPU
		{CF64EC6D-71B5-4ED9-9CB7-AFE4E8855557}.Release|Any CPU.ActiveCfg = Release|Any CPU
		{CF64EC6D-71B5-4ED9-9CB7-AFE4E8855557}.Release|Any CPU.Build.0 = Release|Any CPU
	EndGlobalSection
	GlobalSection(SolutionProperties) = preSolution
		HideSolutionNode = FALSE
	EndGlobalSection
	GlobalSection(ExtensibilityGlobals) = postSolution
		SolutionGuid = {16951B77-FAB3-44C9-B3FE-FFB3BA294C9E}
	EndGlobalSection
EndGlobal
